
Microsoft Visual Studio Solution File, Format Version 12.00
# Visual Studio 2012
Project("{8BC9CEB8-8B4A-11D0-8D11-00A0C91BC942}") = "ann", "ann\ann.vcxproj", "{CC35796B-A815-46C0-9821-6014E6E83149}"
EndProject
Project("{FAE04EC0-301F-11D3-BF4B-00C04F79EFBC}") = "Client", "Client\Client.csproj", "{014A63FC-9CDC-486D-9DC8-C489DC353E4C}"
EndProject
Project("{8BC9CEB8-8B4A-11D0-8D11-00A0C91BC942}") = "tests", "tests\tests.vcxproj", "{77AC8C19-F40B-4C99-92CA-D0F00CF8FAC6}"
EndProject
Global
	GlobalSection(SolutionConfigurationPlatforms) = preSolution
		Debug|Any CPU = Debug|Any CPU
		Debug|Mixed Platforms = Debug|Mixed Platforms
		Debug|Win32 = Debug|Win32
		Release|Any CPU = Release|Any CPU
		Release|Mixed Platforms = Release|Mixed Platforms
		Release|Win32 = Release|Win32
	EndGlobalSection
	GlobalSection(ProjectConfigurationPlatforms) = postSolution
		{CC35796B-A815-46C0-9821-6014E6E83149}.Debug|Any CPU.ActiveCfg = Debug|Win32
		{CC35796B-A815-46C0-9821-6014E6E83149}.Debug|Mixed Platforms.ActiveCfg = Debug|Win32
		{CC35796B-A815-46C0-9821-6014E6E83149}.Debug|Mixed Platforms.Build.0 = Debug|Win32
		{CC35796B-A815-46C0-9821-6014E6E83149}.Debug|Win32.ActiveCfg = Debug|Win32
		{CC35796B-A815-46C0-9821-6014E6E83149}.Debug|Win32.Build.0 = Debug|Win32
		{CC35796B-A815-46C0-9821-6014E6E83149}.Release|Any CPU.ActiveCfg = Release|Win32
		{CC35796B-A815-46C0-9821-6014E6E83149}.Release|Mixed Platforms.ActiveCfg = Release|Win32
		{CC35796B-A815-46C0-9821-6014E6E83149}.Release|Mixed Platforms.Build.0 = Release|Win32
		{CC35796B-A815-46C0-9821-6014E6E83149}.Release|Win32.ActiveCfg = Release|Win32
		{CC35796B-A815-46C0-9821-6014E6E83149}.Release|Win32.Build.0 = Release|Win32
		{014A63FC-9CDC-486D-9DC8-C489DC353E4C}.Debug|Any CPU.ActiveCfg = Debug|Any CPU
		{014A63FC-9CDC-486D-9DC8-C489DC353E4C}.Debug|Any CPU.Build.0 = Debug|Any CPU
		{014A63FC-9CDC-486D-9DC8-C489DC353E4C}.Debug|Mixed Platforms.ActiveCfg = Debug|Any CPU
		{014A63FC-9CDC-486D-9DC8-C489DC353E4C}.Debug|Mixed Platforms.Build.0 = Debug|Any CPU
		{014A63FC-9CDC-486D-9DC8-C489DC353E4C}.Debug|Win32.ActiveCfg = Debug|Any CPU
		{014A63FC-9CDC-486D-9DC8-C489DC353E4C}.Release|Any CPU.ActiveCfg = Release|Any CPU
		{014A63FC-9CDC-486D-9DC8-C489DC353E4C}.Release|Any CPU.Build.0 = Release|Any CPU
		{014A63FC-9CDC-486D-9DC8-C489DC353E4C}.Release|Mixed Platforms.ActiveCfg = Release|Any CPU
		{014A63FC-9CDC-486D-9DC8-C489DC353E4C}.Release|Mixed Platforms.Build.0 = Release|Any CPU
		{014A63FC-9CDC-486D-9DC8-C489DC353E4C}.Release|Win32.ActiveCfg = Release|Any CPU
		{77AC8C19-F40B-4C99-92CA-D0F00CF8FAC6}.Debug|Any CPU.ActiveCfg = Debug|Win32
		{77AC8C19-F40B-4C99-92CA-D0F00CF8FAC6}.Debug|Mixed Platforms.ActiveCfg = Debug|Win32
		{77AC8C19-F40B-4C99-92CA-D0F00CF8FAC6}.Debug|Mixed Platforms.Build.0 = Debug|Win32
		{77AC8C19-F40B-4C99-92CA-D0F00CF8FAC6}.Debug|Win32.ActiveCfg = Debug|Win32
		{77AC8C19-F40B-4C99-92CA-D0F00CF8FAC6}.Debug|Win32.Build.0 = Debug|Win32
		{77AC8C19-F40B-4C99-92CA-D0F00CF8FAC6}.Release|Any CPU.ActiveCfg = Release|Win32
		{77AC8C19-F40B-4C99-92CA-D0F00CF8FAC6}.Release|Mixed Platforms.ActiveCfg = Release|Win32
		{77AC8C19-F40B-4C99-92CA-D0F00CF8FAC6}.Release|Mixed Platforms.Build.0 = Release|Win32
		{77AC8C19-F40B-4C99-92CA-D0F00CF8FAC6}.Release|Win32.ActiveCfg = Release|Win32
		{77AC8C19-F40B-4C99-92CA-D0F00CF8FAC6}.Release|Win32.Build.0 = Release|Win32
	EndGlobalSection
	GlobalSection(SolutionProperties) = preSolution
		HideSolutionNode = FALSE
	EndGlobalSection
EndGlobal
