
Microsoft Visual Studio Solution File, Format Version 12.00
# Visual Studio 2013
VisualStudioVersion = 12.0.21005.1
MinimumVisualStudioVersion = 10.0.40219.1
Project("{8BC9CEB8-8B4A-11D0-8D11-00A0C91BC942}") = "ann", "ann\ann.vcxproj", "{CC35796B-A815-46C0-9821-6014E6E83149}"
EndProject
Project("{8BC9CEB8-8B4A-11D0-8D11-00A0C91BC942}") = "training_generator", "training_generator\training_generator.vcxproj", "{56896C93-77FC-4356-B3AD-CFF3B06F683E}"
EndProject
Global
	GlobalSection(SolutionConfigurationPlatforms) = preSolution
		Debug|Any CPU = Debug|Any CPU
		Debug|Mixed Platforms = Debug|Mixed Platforms
		Debug|Win32 = Debug|Win32
		Release|Any CPU = Release|Any CPU
		Release|Mixed Platforms = Release|Mixed Platforms
		Release|Win32 = Release|Win32
	EndGlobalSection
	GlobalSection(ProjectConfigurationPlatforms) = postSolution
		{CC35796B-A815-46C0-9821-6014E6E83149}.Debug|Any CPU.ActiveCfg = Debug|Win32
		{CC35796B-A815-46C0-9821-6014E6E83149}.Debug|Mixed Platforms.ActiveCfg = Debug|Win32
		{CC35796B-A815-46C0-9821-6014E6E83149}.Debug|Mixed Platforms.Build.0 = Debug|Win32
		{CC35796B-A815-46C0-9821-6014E6E83149}.Debug|Win32.ActiveCfg = Debug|Win32
		{CC35796B-A815-46C0-9821-6014E6E83149}.Debug|Win32.Build.0 = Debug|Win32
		{CC35796B-A815-46C0-9821-6014E6E83149}.Release|Any CPU.ActiveCfg = Release|Win32
		{CC35796B-A815-46C0-9821-6014E6E83149}.Release|Mixed Platforms.ActiveCfg = Release|Win32
		{CC35796B-A815-46C0-9821-6014E6E83149}.Release|Mixed Platforms.Build.0 = Release|Win32
		{CC35796B-A815-46C0-9821-6014E6E83149}.Release|Win32.ActiveCfg = Release|Win32
		{CC35796B-A815-46C0-9821-6014E6E83149}.Release|Win32.Build.0 = Release|Win32
		{56896C93-77FC-4356-B3AD-CFF3B06F683E}.Debug|Any CPU.ActiveCfg = Debug|Win32
		{56896C93-77FC-4356-B3AD-CFF3B06F683E}.Debug|Mixed Platforms.ActiveCfg = Debug|Win32
		{56896C93-77FC-4356-B3AD-CFF3B06F683E}.Debug|Mixed Platforms.Build.0 = Debug|Win32
		{56896C93-77FC-4356-B3AD-CFF3B06F683E}.Debug|Win32.ActiveCfg = Debug|Win32
		{56896C93-77FC-4356-B3AD-CFF3B06F683E}.Debug|Win32.Build.0 = Debug|Win32
		{56896C93-77FC-4356-B3AD-CFF3B06F683E}.Release|Any CPU.ActiveCfg = Release|Win32
		{56896C93-77FC-4356-B3AD-CFF3B06F683E}.Release|Mixed Platforms.ActiveCfg = Release|Win32
		{56896C93-77FC-4356-B3AD-CFF3B06F683E}.Release|Mixed Platforms.Build.0 = Release|Win32
		{56896C93-77FC-4356-B3AD-CFF3B06F683E}.Release|Win32.ActiveCfg = Release|Win32
		{56896C93-77FC-4356-B3AD-CFF3B06F683E}.Release|Win32.Build.0 = Release|Win32
	EndGlobalSection
	GlobalSection(SolutionProperties) = preSolution
		HideSolutionNode = FALSE
	EndGlobalSection
	GlobalSection(Performance) = preSolution
		HasPerformanceSessions = true
	EndGlobalSection
EndGlobal
